// !$*UTF8*$!
{
	archiveVersion = 1;
	classes = {
	};
	objectVersion = 46;
	objects = {

/* Begin PBXBuildFile section */
		D01E34301C326B650002E334 /* main.m in Sources */ = {isa = PBXBuildFile; fileRef = D01E342F1C326B650002E334 /* main.m */; };
		D01E34331C326B650002E334 /* AppDelegate.m in Sources */ = {isa = PBXBuildFile; fileRef = D01E34321C326B650002E334 /* AppDelegate.m */; };
		D01E34361C326B650002E334 /* ViewController.m in Sources */ = {isa = PBXBuildFile; fileRef = D01E34351C326B650002E334 /* ViewController.m */; };
		D01E34391C326B650002E334 /* Main.storyboard in Resources */ = {isa = PBXBuildFile; fileRef = D01E34371C326B650002E334 /* Main.storyboard */; };
		D01E343C1C326B650002E334 /* Coredata.xcdatamodeld in Sources */ = {isa = PBXBuildFile; fileRef = D01E343A1C326B650002E334 /* Coredata.xcdatamodeld */; };
		D01E343E1C326B650002E334 /* Assets.xcassets in Resources */ = {isa = PBXBuildFile; fileRef = D01E343D1C326B650002E334 /* Assets.xcassets */; };
		D01E34411C326B650002E334 /* LaunchScreen.storyboard in Resources */ = {isa = PBXBuildFile; fileRef = D01E343F1C326B650002E334 /* LaunchScreen.storyboard */; };
		D01E344C1C326B650002E334 /* CoredataTests.m in Sources */ = {isa = PBXBuildFile; fileRef = D01E344B1C326B650002E334 /* CoredataTests.m */; };
		D01E34571C326B650002E334 /* CoredataUITests.m in Sources */ = {isa = PBXBuildFile; fileRef = D01E34561C326B650002E334 /* CoredataUITests.m */; };
		D0D73D991C32A66100399D46 /* DetailViewController.m in Sources */ = {isa = PBXBuildFile; fileRef = D0D73D981C32A66100399D46 /* DetailViewController.m */; };
/* End PBXBuildFile section */

/* Begin PBXContainerItemProxy section */
		D01E34481C326B650002E334 /* PBXContainerItemProxy */ = {
			isa = PBXContainerItemProxy;
			containerPortal = D01E34231C326B650002E334 /* Project object */;
			proxyType = 1;
			remoteGlobalIDString = D01E342A1C326B650002E334;
			remoteInfo = Coredata;
		};
		D01E34531C326B650002E334 /* PBXContainerItemProxy */ = {
			isa = PBXContainerItemProxy;
			containerPortal = D01E34231C326B650002E334 /* Project object */;
			proxyType = 1;
			remoteGlobalIDString = D01E342A1C326B650002E334;
			remoteInfo = Coredata;
		};
/* End PBXContainerItemProxy section */

/* Begin PBXFileReference section */
		D01E342B1C326B650002E334 /* Coredata.app */ = {isa = PBXFileReference; explicitFileType = wrapper.application; includeInIndex = 0; path = Coredata.app; sourceTree = BUILT_PRODUCTS_DIR; };
		D01E342F1C326B650002E334 /* main.m */ = {isa = PBXFileReference; lastKnownFileType = sourcecode.c.objc; path = main.m; sourceTree = "<group>"; };
		D01E34311C326B650002E334 /* AppDelegate.h */ = {isa = PBXFileReference; lastKnownFileType = sourcecode.c.h; path = AppDelegate.h; sourceTree = "<group>"; };
		D01E34321C326B650002E334 /* AppDelegate.m */ = {isa = PBXFileReference; lastKnownFileType = sourcecode.c.objc; path = AppDelegate.m; sourceTree = "<group>"; };
		D01E34341C326B650002E334 /* ViewController.h */ = {isa = PBXFileReference; lastKnownFileType = sourcecode.c.h; path = ViewController.h; sourceTree = "<group>"; };
		D01E34351C326B650002E334 /* ViewController.m */ = {isa = PBXFileReference; lastKnownFileType = sourcecode.c.objc; path = ViewController.m; sourceTree = "<group>"; };
		D01E34381C326B650002E334 /* Base */ = {isa = PBXFileReference; lastKnownFileType = file.storyboard; name = Base; path = Base.lproj/Main.storyboard; sourceTree = "<group>"; };
		D01E343B1C326B650002E334 /* Coredata.xcdatamodel */ = {isa = PBXFileReference; lastKnownFileType = wrapper.xcdatamodel; path = Coredata.xcdatamodel; sourceTree = "<group>"; };
		D01E343D1C326B650002E334 /* Assets.xcassets */ = {isa = PBXFileReference; lastKnownFileType = folder.assetcatalog; path = Assets.xcassets; sourceTree = "<group>"; };
		D01E34401C326B650002E334 /* Base */ = {isa = PBXFileReference; lastKnownFileType = file.storyboard; name = Base; path = Base.lproj/LaunchScreen.storyboard; sourceTree = "<group>"; };
		D01E34421C326B650002E334 /* Info.plist */ = {isa = PBXFileReference; lastKnownFileType = text.plist.xml; path = Info.plist; sourceTree = "<group>"; };
		D01E34471C326B650002E334 /* CoredataTests.xctest */ = {isa = PBXFileReference; explicitFileType = wrapper.cfbundle; includeInIndex = 0; path = CoredataTests.xctest; sourceTree = BUILT_PRODUCTS_DIR; };
		D01E344B1C326B650002E334 /* CoredataTests.m */ = {isa = PBXFileReference; lastKnownFileType = sourcecode.c.objc; path = CoredataTests.m; sourceTree = "<group>"; };
		D01E344D1C326B650002E334 /* Info.plist */ = {isa = PBXFileReference; lastKnownFileType = text.plist.xml; path = Info.plist; sourceTree = "<group>"; };
		D01E34521C326B650002E334 /* CoredataUITests.xctest */ = {isa = PBXFileReference; explicitFileType = wrapper.cfbundle; includeInIndex = 0; path = CoredataUITests.xctest; sourceTree = BUILT_PRODUCTS_DIR; };
		D01E34561C326B650002E334 /* CoredataUITests.m */ = {isa = PBXFileReference; lastKnownFileType = sourcecode.c.objc; path = CoredataUITests.m; sourceTree = "<group>"; };
		D01E34581C326B650002E334 /* Info.plist */ = {isa = PBXFileReference; lastKnownFileType = text.plist.xml; path = Info.plist; sourceTree = "<group>"; };
		D0D73D971C32A66100399D46 /* DetailViewController.h */ = {isa = PBXFileReference; fileEncoding = 4; lastKnownFileType = sourcecode.c.h; path = DetailViewController.h; sourceTree = "<group>"; };
		D0D73D981C32A66100399D46 /* DetailViewController.m */ = {isa = PBXFileReference; fileEncoding = 4; lastKnownFileType = sourcecode.c.objc; path = DetailViewController.m; sourceTree = "<group>"; };
/* End PBXFileReference section */

/* Begin PBXFrameworksBuildPhase section */
		D01E34281C326B650002E334 /* Frameworks */ = {
			isa = PBXFrameworksBuildPhase;
			buildActionMask = 2147483647;
			files = (
			);
			runOnlyForDeploymentPostprocessing = 0;
		};
		D01E34441C326B650002E334 /* Frameworks */ = {
			isa = PBXFrameworksBuildPhase;
			buildActionMask = 2147483647;
			files = (
			);
			runOnlyForDeploymentPostprocessing = 0;
		};
		D01E344F1C326B650002E334 /* Frameworks */ = {
			isa = PBXFrameworksBuildPhase;
			buildActionMask = 2147483647;
			files = (
			);
			runOnlyForDeploymentPostprocessing = 0;
		};
/* End PBXFrameworksBuildPhase section */

/* Begin PBXGroup section */
		D01E34221C326B650002E334 = {
			isa = PBXGroup;
			children = (
				D01E342D1C326B650002E334 /* Coredata */,
				D01E344A1C326B650002E334 /* CoredataTests */,
				D01E34551C326B650002E334 /* CoredataUITests */,
				D01E342C1C326B650002E334 /* Products */,
			);
			sourceTree = "<group>";
		};
		D01E342C1C326B650002E334 /* Products */ = {
			isa = PBXGroup;
			children = (
				D01E342B1C326B650002E334 /* Coredata.app */,
				D01E34471C326B650002E334 /* CoredataTests.xctest */,
				D01E34521C326B650002E334 /* CoredataUITests.xctest */,
			);
			name = Products;
			sourceTree = "<group>";
		};
		D01E342D1C326B650002E334 /* Coredata */ = {
			isa = PBXGroup;
			children = (
				D01E34311C326B650002E334 /* AppDelegate.h */,
				D01E34321C326B650002E334 /* AppDelegate.m */,
				D01E34341C326B650002E334 /* ViewController.h */,
				D01E34351C326B650002E334 /* ViewController.m */,
				D0D73D971C32A66100399D46 /* DetailViewController.h */,
				D0D73D981C32A66100399D46 /* DetailViewController.m */,
				D01E34371C326B650002E334 /* Main.storyboard */,
				D01E343D1C326B650002E334 /* Assets.xcassets */,
				D01E343F1C326B650002E334 /* LaunchScreen.storyboard */,
				D01E34421C326B650002E334 /* Info.plist */,
				D01E343A1C326B650002E334 /* Coredata.xcdatamodeld */,
				D01E342E1C326B650002E334 /* Supporting Files */,
			);
			path = Coredata;
			sourceTree = "<group>";
		};
		D01E342E1C326B650002E334 /* Supporting Files */ = {
			isa = PBXGroup;
			children = (
				D01E342F1C326B650002E334 /* main.m */,
			);
			name = "Supporting Files";
			sourceTree = "<group>";
		};
		D01E344A1C326B650002E334 /* CoredataTests */ = {
			isa = PBXGroup;
			children = (
				D01E344B1C326B650002E334 /* CoredataTests.m */,
				D01E344D1C326B650002E334 /* Info.plist */,
			);
			path = CoredataTests;
			sourceTree = "<group>";
		};
		D01E34551C326B650002E334 /* CoredataUITests */ = {
			isa = PBXGroup;
			children = (
				D01E34561C326B650002E334 /* CoredataUITests.m */,
				D01E34581C326B650002E334 /* Info.plist */,
			);
			path = CoredataUITests;
			sourceTree = "<group>";
		};
/* End PBXGroup section */

/* Begin PBXNativeTarget section */
		D01E342A1C326B650002E334 /* Coredata */ = {
			isa = PBXNativeTarget;
			buildConfigurationList = D01E345B1C326B650002E334 /* Build configuration list for PBXNativeTarget "Coredata" */;
			buildPhases = (
				D01E34271C326B650002E334 /* Sources */,
				D01E34281C326B650002E334 /* Frameworks */,
				D01E34291C326B650002E334 /* Resources */,
			);
			buildRules = (
			);
			dependencies = (
			);
			name = Coredata;
			productName = Coredata;
			productReference = D01E342B1C326B650002E334 /* Coredata.app */;
			productType = "com.apple.product-type.application";
		};
		D01E34461C326B650002E334 /* CoredataTests */ = {
			isa = PBXNativeTarget;
			buildConfigurationList = D01E345E1C326B650002E334 /* Build configuration list for PBXNativeTarget "CoredataTests" */;
			buildPhases = (
				D01E34431C326B650002E334 /* Sources */,
				D01E34441C326B650002E334 /* Frameworks */,
				D01E34451C326B650002E334 /* Resources */,
			);
			buildRules = (
			);
			dependencies = (
				D01E34491C326B650002E334 /* PBXTargetDependency */,
			);
			name = CoredataTests;
			productName = CoredataTests;
			productReference = D01E34471C326B650002E334 /* CoredataTests.xctest */;
			productType = "com.apple.product-type.bundle.unit-test";
		};
		D01E34511C326B650002E334 /* CoredataUITests */ = {
			isa = PBXNativeTarget;
			buildConfigurationList = D01E34611C326B650002E334 /* Build configuration list for PBXNativeTarget "CoredataUITests" */;
			buildPhases = (
				D01E344E1C326B650002E334 /* Sources */,
				D01E344F1C326B650002E334 /* Frameworks */,
				D01E34501C326B650002E334 /* Resources */,
			);
			buildRules = (
			);
			dependencies = (
				D01E34541C326B650002E334 /* PBXTargetDependency */,
			);
			name = CoredataUITests;
			productName = CoredataUITests;
			productReference = D01E34521C326B650002E334 /* CoredataUITests.xctest */;
			productType = "com.apple.product-type.bundle.ui-testing";
		};
/* End PBXNativeTarget section */

/* Begin PBXProject section */
		D01E34231C326B650002E334 /* Project object */ = {
			isa = PBXProject;
			attributes = {
				LastUpgradeCheck = 0710;
				ORGANIZATIONNAME = "Ganesh Hebbal Subash";
				TargetAttributes = {
					D01E342A1C326B650002E334 = {
						CreatedOnToolsVersion = 7.1.1;
					};
					D01E34461C326B650002E334 = {
						CreatedOnToolsVersion = 7.1.1;
						TestTargetID = D01E342A1C326B650002E334;
					};
					D01E34511C326B650002E334 = {
						CreatedOnToolsVersion = 7.1.1;
						TestTargetID = D01E342A1C326B650002E334;
					};
				};
			};
			buildConfigurationList = D01E34261C326B650002E334 /* Build configuration list for PBXProject "Coredata" */;
			compatibilityVersion = "Xcode 3.2";
			developmentRegion = English;
			hasScannedForEncodings = 0;
			knownRegions = (
				en,
				Base,
			);
			mainGroup = D01E34221C326B650002E334;
			productRefGroup = D01E342C1C326B650002E334 /* Products */;
			projectDirPath = "";
			projectRoot = "";
			targets = (
				D01E342A1C326B650002E334 /* Coredata */,
				D01E34461C326B650002E334 /* CoredataTests */,
				D01E34511C326B650002E334 /* CoredataUITests */,
			);
		};
/* End PBXProject section */

/* Begin PBXResourcesBuildPhase section */
		D01E34291C326B650002E334 /* Resources */ = {
			isa = PBXResourcesBuildPhase;
			buildActionMask = 2147483647;
			files = (
				D01E34411C326B650002E334 /* LaunchScreen.storyboard in Resources */,
				D01E343E1C326B650002E334 /* Assets.xcassets in Resources */,
				D01E34391C326B650002E334 /* Main.storyboard in Resources */,
			);
			runOnlyForDeploymentPostprocessing = 0;
		};
		D01E34451C326B650002E334 /* Resources */ = {
			isa = PBXResourcesBuildPhase;
			buildActionMask = 2147483647;
			files = (
			);
			runOnlyForDeploymentPostprocessing = 0;
		};
		D01E34501C326B650002E334 /* Resources */ = {
			isa = PBXResourcesBuildPhase;
			buildActionMask = 2147483647;
			files = (
			);
			runOnlyForDeploymentPostprocessing = 0;
		};
/* End PBXResourcesBuildPhase section */

/* Begin PBXSourcesBuildPhase section */
		D01E34271C326B650002E334 /* Sources */ = {
			isa = PBXSourcesBuildPhase;
			buildActionMask = 2147483647;
			files = (
				D0D73D991C32A66100399D46 /* DetailViewController.m in Sources */,
				D01E343C1C326B650002E334 /* Coredata.xcdatamodeld in Sources */,
				D01E34361C326B650002E334 /* ViewController.m in Sources */,
				D01E34331C326B650002E334 /* AppDelegate.m in Sources */,
				D01E34301C326B650002E334 /* main.m in Sources */,
			);
			runOnlyForDeploymentPostprocessing = 0;
		};
		D01E34431C326B650002E334 /* Sources */ = {
			isa = PBXSourcesBuildPhase;
			buildActionMask = 2147483647;
			files = (
				D01E344C1C326B650002E334 /* CoredataTests.m in Sources */,
			);
			runOnlyForDeploymentPostprocessing = 0;
		};
		D01E344E1C326B650002E334 /* Sources */ = {
			isa = PBXSourcesBuildPhase;
			buildActionMask = 2147483647;
			files = (
				D01E34571C326B650002E334 /* CoredataUITests.m in Sources */,
			);
			runOnlyForDeploymentPostprocessing = 0;
		};
/* End PBXSourcesBuildPhase section */

/* Begin PBXTargetDependency section */
		D01E34491C326B650002E334 /* PBXTargetDependency */ = {
			isa = PBXTargetDependency;
			target = D01E342A1C326B650002E334 /* Coredata */;
			targetProxy = D01E34481C326B650002E334 /* PBXContainerItemProxy */;
		};
		D01E34541C326B650002E334 /* PBXTargetDependency */ = {
			isa = PBXTargetDependency;
			target = D01E342A1C326B650002E334 /* Coredata */;
			targetProxy = D01E34531C326B650002E334 /* PBXContainerItemProxy */;
		};
/* End PBXTargetDependency section */

/* Begin PBXVariantGroup section */
		D01E34371C326B650002E334 /* Main.storyboard */ = {
			isa = PBXVariantGroup;
			children = (
				D01E34381C326B650002E334 /* Base */,
			);
			name = Main.storyboard;
			sourceTree = "<group>";
		};
		D01E343F1C326B650002E334 /* LaunchScreen.storyboard */ = {
			isa = PBXVariantGroup;
			children = (
				D01E34401C326B650002E334 /* Base */,
			);
			name = LaunchScreen.storyboard;
			sourceTree = "<group>";
		};
/* End PBXVariantGroup section */

/* Begin XCBuildConfiguration section */
		D01E34591C326B650002E334 /* Debug */ = {
			isa = XCBuildConfiguration;
			buildSettings = {
				ALWAYS_SEARCH_USER_PATHS = NO;
				CLANG_CXX_LANGUAGE_STANDARD = "gnu++0x";
				CLANG_CXX_LIBRARY = "libc++";
				CLANG_ENABLE_MODULES = YES;
				CLANG_ENABLE_OBJC_ARC = YES;
				CLANG_WARN_BOOL_CONVERSION = YES;
				CLANG_WARN_CONSTANT_CONVERSION = YES;
				CLANG_WARN_DIRECT_OBJC_ISA_USAGE = YES_ERROR;
				CLANG_WARN_EMPTY_BODY = YES;
				CLANG_WARN_ENUM_CONVERSION = YES;
				CLANG_WARN_INT_CONVERSION = YES;
				CLANG_WARN_OBJC_ROOT_CLASS = YES_ERROR;
				CLANG_WARN_UNREACHABLE_CODE = YES;
				CLANG_WARN__DUPLICATE_METHOD_MATCH = YES;
				"CODE_SIGN_IDENTITY[sdk=iphoneos*]" = "iPhone Developer";
				COPY_PHASE_STRIP = NO;
				DEBUG_INFORMATION_FORMAT = dwarf;
				ENABLE_STRICT_OBJC_MSGSEND = YES;
				ENABLE_TESTABILITY = YES;
				GCC_C_LANGUAGE_STANDARD = gnu99;
				GCC_DYNAMIC_NO_PIC = NO;
				GCC_NO_COMMON_BLOCKS = YES;
				GCC_OPTIMIZATION_LEVEL = 0;
				GCC_PREPROCESSOR_DEFINITIONS = (
					"DEBUG=1",
					"$(inherited)",
				);
				GCC_WARN_64_TO_32_BIT_CONVERSION = YES;
				GCC_WARN_ABOUT_RETURN_TYPE = YES_ERROR;
				GCC_WARN_UNDECLARED_SELECTOR = YES;
				GCC_WARN_UNINITIALIZED_AUTOS = YES_AGGRESSIVE;
				GCC_WARN_UNUSED_FUNCTION = YES;
				GCC_WARN_UNUSED_VARIABLE = YES;
				IPHONEOS_DEPLOYMENT_TARGET = 9.1;
				MTL_ENABLE_DEBUG_INFO = YES;
				ONLY_ACTIVE_ARCH = YES;
				SDKROOT = iphoneos;
			};
			name = Debug;
		};
		D01E345A1C326B650002E334 /* Release */ = {
			isa = XCBuildConfiguration;
			buildSettings = {
				ALWAYS_SEARCH_USER_PATHS = NO;
				CLANG_CXX_LANGUAGE_STANDARD = "gnu++0x";
				CLANG_CXX_LIBRARY = "libc++";
				CLANG_ENABLE_MODULES = YES;
				CLANG_ENABLE_OBJC_ARC = YES;
				CLANG_WARN_BOOL_CONVERSION = YES;
				CLANG_WARN_CONSTANT_CONVERSION = YES;
				CLANG_WARN_DIRECT_OBJC_ISA_USAGE = YES_ERROR;
				CLANG_WARN_EMPTY_BODY = YES;
				CLANG_WARN_ENUM_CONVERSION = YES;
				CLANG_WARN_INT_CONVERSION = YES;
				CLANG_WARN_OBJC_ROOT_CLASS = YES_ERROR;
				CLANG_WARN_UNREACHABLE_CODE = YES;
				CLANG_WARN__DUPLICATE_METHOD_MATCH = YES;
				"CODE_SIGN_IDENTITY[sdk=iphoneos*]" = "iPhone Developer";
				COPY_PHASE_STRIP = NO;
				DEBUG_INFORMATION_FORMAT = "dwarf-with-dsym";
				ENABLE_NS_ASSERTIONS = NO;
				ENABLE_STRICT_OBJC_MSGSEND = YES;
				GCC_C_LANGUAGE_STANDARD = gnu99;
				GCC_NO_COMMON_BLOCKS = YES;
				GCC_WARN_64_TO_32_BIT_CONVERSION = YES;
				GCC_WARN_ABOUT_RETURN_TYPE = YES_ERROR;
				GCC_WARN_UNDECLARED_SELECTOR = YES;
				GCC_WARN_UNINITIALIZED_AUTOS = YES_AGGRESSIVE;
				GCC_WARN_UNUSED_FUNCTION = YES;
				GCC_WARN_UNUSED_VARIABLE = YES;
				IPHONEOS_DEPLOYMENT_TARGET = 9.1;
				MTL_ENABLE_DEBUG_INFO = NO;
				SDKROOT = iphoneos;
				VALIDATE_PRODUCT = YES;
			};
			name = Release;
		};
		D01E345C1C326B650002E334 /* Debug */ = {
			isa = XCBuildConfiguration;
			buildSettings = {
				ASSETCATALOG_COMPILER_APPICON_NAME = AppIcon;
				INFOPLIST_FILE = Coredata/Info.plist;
				LD_RUNPATH_SEARCH_PATHS = "$(inherited) @executable_path/Frameworks";
				PRODUCT_BUNDLE_IDENTIFIER = Filmysphere.com.Coredata;
				PRODUCT_NAME = "$(TARGET_NAME)";
			};
			name = Debug;
		};
		D01E345D1C326B650002E334 /* Release */ = {
			isa = XCBuildConfiguration;
			buildSettings = {
				ASSETCATALOG_COMPILER_APPICON_NAME = AppIcon;
				INFOPLIST_FILE = Coredata/Info.plist;
				LD_RUNPATH_SEARCH_PATHS = "$(inherited) @executable_path/Frameworks";
				PRODUCT_BUNDLE_IDENTIFIER = Filmysphere.com.Coredata;
				PRODUCT_NAME = "$(TARGET_NAME)";
			};
			name = Release;
		};
		D01E345F1C326B650002E334 /* Debug */ = {
			isa = XCBuildConfiguration;
			buildSettings = {
				BUNDLE_LOADER = "$(TEST_HOST)";
				INFOPLIST_FILE = CoredataTests/Info.plist;
				LD_RUNPATH_SEARCH_PATHS = "$(inherited) @executable_path/Frameworks @loader_path/Frameworks";
				PRODUCT_BUNDLE_IDENTIFIER = Filmysphere.com.CoredataTests;
				PRODUCT_NAME = "$(TARGET_NAME)";
				TEST_HOST = "$(BUILT_PRODUCTS_DIR)/Coredata.app/Coredata";
			};
			name = Debug;
		};
		D01E34601C326B650002E334 /* Release */ = {
			isa = XCBuildConfiguration;
			buildSettings = {
				BUNDLE_LOADER = "$(TEST_HOST)";
				INFOPLIST_FILE = CoredataTests/Info.plist;
				LD_RUNPATH_SEARCH_PATHS = "$(inherited) @executable_path/Frameworks @loader_path/Frameworks";
				PRODUCT_BUNDLE_IDENTIFIER = Filmysphere.com.CoredataTests;
				PRODUCT_NAME = "$(TARGET_NAME)";
				TEST_HOST = "$(BUILT_PRODUCTS_DIR)/Coredata.app/Coredata";
			};
			name = Release;
		};
		D01E34621C326B650002E334 /* Debug */ = {
			isa = XCBuildConfiguration;
			buildSettings = {
				INFOPLIST_FILE = CoredataUITests/Info.plist;
				LD_RUNPATH_SEARCH_PATHS = "$(inherited) @executable_path/Frameworks @loader_path/Frameworks";
				PRODUCT_BUNDLE_IDENTIFIER = Filmysphere.com.CoredataUITests;
				PRODUCT_NAME = "$(TARGET_NAME)";
				TEST_TARGET_NAME = Coredata;
				USES_XCTRUNNER = YES;
			};
			name = Debug;
		};
		D01E34631C326B650002E334 /* Release */ = {
			isa = XCBuildConfiguration;
			buildSettings = {
				INFOPLIST_FILE = CoredataUITests/Info.plist;
				LD_RUNPATH_SEARCH_PATHS = "$(inherited) @executable_path/Frameworks @loader_path/Frameworks";
				PRODUCT_BUNDLE_IDENTIFIER = Filmysphere.com.CoredataUITests;
				PRODUCT_NAME = "$(TARGET_NAME)";
				TEST_TARGET_NAME = Coredata;
				USES_XCTRUNNER = YES;
			};
			name = Release;
		};
/* End XCBuildConfiguration section */

/* Begin XCConfigurationList section */
		D01E34261C326B650002E334 /* Build configuration list for PBXProject "Coredata" */ = {
			isa = XCConfigurationList;
			buildConfigurations = (
				D01E34591C326B650002E334 /* Debug */,
				D01E345A1C326B650002E334 /* Release */,
			);
			defaultConfigurationIsVisible = 0;
			defaultConfigurationName = Release;
		};
		D01E345B1C326B650002E334 /* Build configuration list for PBXNativeTarget "Coredata" */ = {
			isa = XCConfigurationList;
			buildConfigurations = (
				D01E345C1C326B650002E334 /* Debug */,
				D01E345D1C326B650002E334 /* Release */,
			);
			defaultConfigurationIsVisible = 0;
			defaultConfigurationName = Release;
		};
		D01E345E1C326B650002E334 /* Build configuration list for PBXNativeTarget "CoredataTests" */ = {
			isa = XCConfigurationList;
			buildConfigurations = (
				D01E345F1C326B650002E334 /* Debug */,
				D01E34601C326B650002E334 /* Release */,
			);
			defaultConfigurationIsVisible = 0;
			defaultConfigurationName = Release;
		};
		D01E34611C326B650002E334 /* Build configuration list for PBXNativeTarget "CoredataUITests" */ = {
			isa = XCConfigurationList;
			buildConfigurations = (
				D01E34621C326B650002E334 /* Debug */,
				D01E34631C326B650002E334 /* Release */,
			);
			defaultConfigurationIsVisible = 0;
			defaultConfigurationName = Release;
		};
/* End XCConfigurationList section */

/* Begin XCVersionGroup section */
		D01E343A1C326B650002E334 /* Coredata.xcdatamodeld */ = {
			isa = XCVersionGroup;
			children = (
				D01E343B1C326B650002E334 /* Coredata.xcdatamodel */,
			);
			currentVersion = D01E343B1C326B650002E334 /* Coredata.xcdatamodel */;
			path = Coredata.xcdatamodeld;
			sourceTree = "<group>";
			versionGroupType = wrapper.xcdatamodel;
		};
/* End XCVersionGroup section */
	};
	rootObject = D01E34231C326B650002E334 /* Project object */;
}
